// !$*UTF8*$!
{
	archiveVersion = 1;
	classes = {
	};
	objectVersion = 46;
	objects = {

/* Begin PBXBuildFile section */
		053805BA2AD4349B00647BF8 /* ProcessHelpers.m in Sources */ = {isa = PBXBuildFile; fileRef = 0582000B2AD430DD00AD82C0 /* ProcessHelpers.m */; };
		0539C9A52AD61FCC00B7E6A2 /* Migrations.m in Sources */ = {isa = PBXBuildFile; fileRef = 0539C9A42AD61FCC00B7E6A2 /* Migrations.m */; };
		0539C9A82AD6BAD400B7E6A2 /* FlowController.m in Sources */ = {isa = PBXBuildFile; fileRef = 0539C9A72AD6BAD400B7E6A2 /* FlowController.m */; };
		0539C9AC2AD6BB6400B7E6A2 /* ProcessController.m in Sources */ = {isa = PBXBuildFile; fileRef = 0539C9AB2AD6BB6400B7E6A2 /* ProcessController.m */; };
		055CC6772AC6C91E00DBFB48 /* Validator.m in Sources */ = {isa = PBXBuildFile; fileRef = 055CC6762AC6C91E00DBFB48 /* Validator.m */; };
		056402E82ACF305900D427EF /* ProcessModel.m in Sources */ = {isa = PBXBuildFile; fileRef = 056402E72ACF305900D427EF /* ProcessModel.m */; };
		0582000D2AD430FE00AD82C0 /* ProcessHelpers.m in Sources */ = {isa = PBXBuildFile; fileRef = 0582000B2AD430DD00AD82C0 /* ProcessHelpers.m */; };
		059792062AB47AAF00348AB8 /* HostCommunication.m in Sources */ = {isa = PBXBuildFile; fileRef = 059792022AB47AAF00348AB8 /* HostCommunication.m */; };
		059792072AB47AAF00348AB8 /* ExtensionCommunication.m in Sources */ = {isa = PBXBuildFile; fileRef = 059792032AB47AAF00348AB8 /* ExtensionCommunication.m */; };
		0597920A2AB47AFB00348AB8 /* NetworkExtensionProvider.m in Sources */ = {isa = PBXBuildFile; fileRef = 059792092AB47AFB00348AB8 /* NetworkExtensionProvider.m */; };
		0597920B2AB47B3900348AB8 /* CommunicationProtocol.h in Sources */ = {isa = PBXBuildFile; fileRef = 059792042AB47AAF00348AB8 /* CommunicationProtocol.h */; };
		0597920C2AB47B3900348AB8 /* ExtensionCommunication.h in Sources */ = {isa = PBXBuildFile; fileRef = 059792012AB47AAF00348AB8 /* ExtensionCommunication.h */; };
		0597920D2AB47B3900348AB8 /* ExtensionCommunication.m in Sources */ = {isa = PBXBuildFile; fileRef = 059792032AB47AAF00348AB8 /* ExtensionCommunication.m */; };
		059792102AB47B3900348AB8 /* HostCommunication.h in Sources */ = {isa = PBXBuildFile; fileRef = 059792002AB47AAF00348AB8 /* HostCommunication.h */; };
		059792112AB47B3900348AB8 /* HostCommunication.m in Sources */ = {isa = PBXBuildFile; fileRef = 059792022AB47AAF00348AB8 /* HostCommunication.m */; };
		059792182AB47E6500348AB8 /* NetworkExtension.framework in Frameworks */ = {isa = PBXBuildFile; fileRef = 059792172AB47E6500348AB8 /* NetworkExtension.framework */; };
		0597921C2AB47E6500348AB8 /* FilterDataProvider.m in Sources */ = {isa = PBXBuildFile; fileRef = 0597921B2AB47E6500348AB8 /* FilterDataProvider.m */; };
		0597921E2AB47E6500348AB8 /* main.m in Sources */ = {isa = PBXBuildFile; fileRef = 0597921D2AB47E6500348AB8 /* main.m */; };
		059792242AB47E6500348AB8 /* com.azimgd.scarecrow.scarecrow-network.systemextension in Embed System Extensions */ = {isa = PBXBuildFile; fileRef = 059792162AB47E6500348AB8 /* com.azimgd.scarecrow.scarecrow-network.systemextension */; settings = {ATTRIBUTES = (RemoveHeadersOnCopy, ); }; };
		0597922A2AB484FC00348AB8 /* RCTScarecrowNetwork.m in Sources */ = {isa = PBXBuildFile; fileRef = 059792292AB484FC00348AB8 /* RCTScarecrowNetwork.m */; };
		059792372AB487F300348AB8 /* ExtensionCommunication.h in Sources */ = {isa = PBXBuildFile; fileRef = 059792012AB47AAF00348AB8 /* ExtensionCommunication.h */; };
		059792382AB487F300348AB8 /* ExtensionCommunicationDelegate.h in Sources */ = {isa = PBXBuildFile; fileRef = 059791FE2AB47AAF00348AB8 /* ExtensionCommunicationDelegate.h */; };
		059792392AB4881700348AB8 /* ExtensionCommunication.m in Sources */ = {isa = PBXBuildFile; fileRef = 059792032AB47AAF00348AB8 /* ExtensionCommunication.m */; };
		0597923A2AB4881D00348AB8 /* ExtensionCommunicationDelegate.m in Sources */ = {isa = PBXBuildFile; fileRef = 059791FF2AB47AAF00348AB8 /* ExtensionCommunicationDelegate.m */; };
		0597923B2AB4882400348AB8 /* HostCommunication.m in Sources */ = {isa = PBXBuildFile; fileRef = 059792022AB47AAF00348AB8 /* HostCommunication.m */; };
		05B70CE12AC8878C00BE9F95 /* FlowModel.m in Sources */ = {isa = PBXBuildFile; fileRef = 05B70CE02AC8878C00BE9F95 /* FlowModel.m */; };
		05C0D5502ACB36BB00A0846D /* RuleModel.m in Sources */ = {isa = PBXBuildFile; fileRef = 05C0D54F2ACB36BB00A0846D /* RuleModel.m */; };
		05C0D5742ACD99B400A0846D /* ProcessHolder.m in Sources */ = {isa = PBXBuildFile; fileRef = 05C0D5732ACD99AD00A0846D /* ProcessHolder.m */; };
		05CBE56B2AB6DFCA000F6BC1 /* FlowHolder.m in Sources */ = {isa = PBXBuildFile; fileRef = 05CBE56A2AB6DFCA000F6BC1 /* FlowHolder.m */; };
		05EE329F2AB5CAC000410158 /* libbsm.tbd in Frameworks */ = {isa = PBXBuildFile; fileRef = 05EE329E2AB5CAB800410158 /* libbsm.tbd */; };
		1364A44A6D4288254489D593 /* libPods-scarecrow-macOS.a in Frameworks */ = {isa = PBXBuildFile; fileRef = 82DBFF4F4989BE7D4E09CC98 /* libPods-scarecrow-macOS.a */; };
		5142014D2437B4B30078DB4F /* AppDelegate.mm in Sources */ = {isa = PBXBuildFile; fileRef = 5142014C2437B4B30078DB4F /* AppDelegate.mm */; };
		514201522437B4B40078DB4F /* Assets.xcassets in Resources */ = {isa = PBXBuildFile; fileRef = 514201512437B4B40078DB4F /* Assets.xcassets */; };
		514201552437B4B40078DB4F /* Main.storyboard in Resources */ = {isa = PBXBuildFile; fileRef = 514201532437B4B40078DB4F /* Main.storyboard */; };
		514201582437B4B40078DB4F /* main.m in Sources */ = {isa = PBXBuildFile; fileRef = 514201572437B4B40078DB4F /* main.m */; };
/* End PBXBuildFile section */

/* Begin PBXContainerItemProxy section */
		059792212AB47E6500348AB8 /* PBXContainerItemProxy */ = {
			isa = PBXContainerItemProxy;
			containerPortal = 83CBB9F71A601CBA00E9B192 /* Project object */;
			proxyType = 1;
			remoteGlobalIDString = 059792152AB47E6500348AB8;
			remoteInfo = "scarecrow-network";
		};
/* End PBXContainerItemProxy section */

/* Begin PBXCopyFilesBuildPhase section */
		059792232AB47E6500348AB8 /* Embed System Extensions */ = {
			isa = PBXCopyFilesBuildPhase;
			buildActionMask = 2147483647;
			dstPath = "$(SYSTEM_EXTENSIONS_FOLDER_PATH)";
			dstSubfolderSpec = 16;
			files = (
				059792242AB47E6500348AB8 /* com.azimgd.scarecrow.scarecrow-network.systemextension in Embed System Extensions */,
			);
			name = "Embed System Extensions";
			runOnlyForDeploymentPostprocessing = 0;
		};
/* End PBXCopyFilesBuildPhase section */

/* Begin PBXFileReference section */
		0539C9A32AD61FC000B7E6A2 /* Migrations.h */ = {isa = PBXFileReference; lastKnownFileType = sourcecode.c.h; path = Migrations.h; sourceTree = "<group>"; };
		0539C9A42AD61FCC00B7E6A2 /* Migrations.m */ = {isa = PBXFileReference; lastKnownFileType = sourcecode.c.objc; path = Migrations.m; sourceTree = "<group>"; };
		0539C9A72AD6BAD400B7E6A2 /* FlowController.m */ = {isa = PBXFileReference; lastKnownFileType = sourcecode.c.objc; path = FlowController.m; sourceTree = "<group>"; };
		0539C9A92AD6BADB00B7E6A2 /* FlowController.h */ = {isa = PBXFileReference; lastKnownFileType = sourcecode.c.h; path = FlowController.h; sourceTree = "<group>"; };
		0539C9AA2AD6BB5A00B7E6A2 /* ProcessController.h */ = {isa = PBXFileReference; lastKnownFileType = sourcecode.c.h; path = ProcessController.h; sourceTree = "<group>"; };
		0539C9AB2AD6BB6400B7E6A2 /* ProcessController.m */ = {isa = PBXFileReference; lastKnownFileType = sourcecode.c.objc; path = ProcessController.m; sourceTree = "<group>"; };
		055CC6752AC6C91400DBFB48 /* Validator.h */ = {isa = PBXFileReference; lastKnownFileType = sourcecode.c.h; path = Validator.h; sourceTree = "<group>"; };
		055CC6762AC6C91E00DBFB48 /* Validator.m */ = {isa = PBXFileReference; lastKnownFileType = sourcecode.c.objc; path = Validator.m; sourceTree = "<group>"; };
		056402E72ACF305900D427EF /* ProcessModel.m */ = {isa = PBXFileReference; lastKnownFileType = sourcecode.c.objc; path = ProcessModel.m; sourceTree = "<group>"; };
		056402E92ACF306400D427EF /* ProcessModel.h */ = {isa = PBXFileReference; lastKnownFileType = sourcecode.c.h; path = ProcessModel.h; sourceTree = "<group>"; };
		0582000B2AD430DD00AD82C0 /* ProcessHelpers.m */ = {isa = PBXFileReference; lastKnownFileType = sourcecode.c.objc; path = ProcessHelpers.m; sourceTree = "<group>"; };
		0582000E2AD4311900AD82C0 /* ProcessHelpers.h */ = {isa = PBXFileReference; lastKnownFileType = sourcecode.c.h; path = ProcessHelpers.h; sourceTree = "<group>"; };
		059791CE2AB45DED00348AB8 /* scarecrow-iOS.entitlements */ = {isa = PBXFileReference; lastKnownFileType = text.plist.entitlements; path = "scarecrow-iOS.entitlements"; sourceTree = "<group>"; };
		059791CF2AB45F1E00348AB8 /* scarecrow-macOS.entitlements */ = {isa = PBXFileReference; lastKnownFileType = text.plist.entitlements; path = "scarecrow-macOS.entitlements"; sourceTree = "<group>"; };
		059791FE2AB47AAF00348AB8 /* ExtensionCommunicationDelegate.h */ = {isa = PBXFileReference; fileEncoding = 4; lastKnownFileType = sourcecode.c.h; path = ExtensionCommunicationDelegate.h; sourceTree = "<group>"; };
		059791FF2AB47AAF00348AB8 /* ExtensionCommunicationDelegate.m */ = {isa = PBXFileReference; fileEncoding = 4; lastKnownFileType = sourcecode.c.objc; path = ExtensionCommunicationDelegate.m; sourceTree = "<group>"; };
		059792002AB47AAF00348AB8 /* HostCommunication.h */ = {isa = PBXFileReference; fileEncoding = 4; lastKnownFileType = sourcecode.c.h; path = HostCommunication.h; sourceTree = "<group>"; };
		059792012AB47AAF00348AB8 /* ExtensionCommunication.h */ = {isa = PBXFileReference; fileEncoding = 4; lastKnownFileType = sourcecode.c.h; path = ExtensionCommunication.h; sourceTree = "<group>"; };
		059792022AB47AAF00348AB8 /* HostCommunication.m */ = {isa = PBXFileReference; fileEncoding = 4; lastKnownFileType = sourcecode.c.objc; path = HostCommunication.m; sourceTree = "<group>"; };
		059792032AB47AAF00348AB8 /* ExtensionCommunication.m */ = {isa = PBXFileReference; fileEncoding = 4; lastKnownFileType = sourcecode.c.objc; path = ExtensionCommunication.m; sourceTree = "<group>"; };
		059792042AB47AAF00348AB8 /* CommunicationProtocol.h */ = {isa = PBXFileReference; fileEncoding = 4; lastKnownFileType = sourcecode.c.h; path = CommunicationProtocol.h; sourceTree = "<group>"; };
		059792082AB47AFB00348AB8 /* NetworkExtensionProvider.h */ = {isa = PBXFileReference; fileEncoding = 4; lastKnownFileType = sourcecode.c.h; path = NetworkExtensionProvider.h; sourceTree = "<group>"; };
		059792092AB47AFB00348AB8 /* NetworkExtensionProvider.m */ = {isa = PBXFileReference; fileEncoding = 4; lastKnownFileType = sourcecode.c.objc; path = NetworkExtensionProvider.m; sourceTree = "<group>"; };
		059792162AB47E6500348AB8 /* com.azimgd.scarecrow.scarecrow-network.systemextension */ = {isa = PBXFileReference; explicitFileType = "wrapper.system-extension"; includeInIndex = 0; path = "com.azimgd.scarecrow.scarecrow-network.systemextension"; sourceTree = BUILT_PRODUCTS_DIR; };
		059792172AB47E6500348AB8 /* NetworkExtension.framework */ = {isa = PBXFileReference; lastKnownFileType = wrapper.framework; name = NetworkExtension.framework; path = System/Library/Frameworks/NetworkExtension.framework; sourceTree = SDKROOT; };
		0597921A2AB47E6500348AB8 /* FilterDataProvider.h */ = {isa = PBXFileReference; lastKnownFileType = sourcecode.c.h; path = FilterDataProvider.h; sourceTree = "<group>"; };
		0597921B2AB47E6500348AB8 /* FilterDataProvider.m */ = {isa = PBXFileReference; lastKnownFileType = sourcecode.c.objc; path = FilterDataProvider.m; sourceTree = "<group>"; };
		0597921D2AB47E6500348AB8 /* main.m */ = {isa = PBXFileReference; lastKnownFileType = sourcecode.c.objc; path = main.m; sourceTree = "<group>"; };
		0597921F2AB47E6500348AB8 /* Info.plist */ = {isa = PBXFileReference; lastKnownFileType = text.plist.xml; path = Info.plist; sourceTree = "<group>"; };
		059792202AB47E6500348AB8 /* scarecrow_network.entitlements */ = {isa = PBXFileReference; lastKnownFileType = text.plist.entitlements; path = scarecrow_network.entitlements; sourceTree = "<group>"; };
		059792282AB484DB00348AB8 /* RCTScarecrowNetwork.h */ = {isa = PBXFileReference; lastKnownFileType = sourcecode.c.h; path = RCTScarecrowNetwork.h; sourceTree = "<group>"; };
		059792292AB484FC00348AB8 /* RCTScarecrowNetwork.m */ = {isa = PBXFileReference; lastKnownFileType = sourcecode.c.objc; path = RCTScarecrowNetwork.m; sourceTree = "<group>"; };
		05B70CE02AC8878C00BE9F95 /* FlowModel.m */ = {isa = PBXFileReference; lastKnownFileType = sourcecode.c.objc; path = FlowModel.m; sourceTree = "<group>"; };
		05B70CE22AC8879300BE9F95 /* FlowModel.h */ = {isa = PBXFileReference; lastKnownFileType = sourcecode.c.h; path = FlowModel.h; sourceTree = "<group>"; };
		05C0D54F2ACB36BB00A0846D /* RuleModel.m */ = {isa = PBXFileReference; lastKnownFileType = sourcecode.c.objc; path = RuleModel.m; sourceTree = "<group>"; };
		05C0D5512ACB36C200A0846D /* RuleModel.h */ = {isa = PBXFileReference; lastKnownFileType = sourcecode.c.h; path = RuleModel.h; sourceTree = "<group>"; };
		05C0D5722ACD99A300A0846D /* ProcessHolder.h */ = {isa = PBXFileReference; lastKnownFileType = sourcecode.c.h; path = ProcessHolder.h; sourceTree = "<group>"; };
		05C0D5732ACD99AD00A0846D /* ProcessHolder.m */ = {isa = PBXFileReference; lastKnownFileType = sourcecode.c.objc; path = ProcessHolder.m; sourceTree = "<group>"; };
		05CBE5692AB6DFBF000F6BC1 /* FlowHolder.h */ = {isa = PBXFileReference; lastKnownFileType = sourcecode.c.h; path = FlowHolder.h; sourceTree = "<group>"; };
		05CBE56A2AB6DFCA000F6BC1 /* FlowHolder.m */ = {isa = PBXFileReference; lastKnownFileType = sourcecode.c.objc; path = FlowHolder.m; sourceTree = "<group>"; };
		05EE329E2AB5CAB800410158 /* libbsm.tbd */ = {isa = PBXFileReference; lastKnownFileType = "sourcecode.text-based-dylib-definition"; name = libbsm.tbd; path = Platforms/MacOSX.platform/Developer/SDKs/MacOSX13.3.sdk/usr/lib/libbsm.tbd; sourceTree = DEVELOPER_DIR; };
		13B07F961A680F5B00A75B9A /* scarecrow.app */ = {isa = PBXFileReference; explicitFileType = wrapper.application; includeInIndex = 0; path = scarecrow.app; sourceTree = BUILT_PRODUCTS_DIR; };
		1DE051597B59487549C32721 /* Pods-scarecrow-macOS.debug.xcconfig */ = {isa = PBXFileReference; includeInIndex = 1; lastKnownFileType = text.xcconfig; name = "Pods-scarecrow-macOS.debug.xcconfig"; path = "Target Support Files/Pods-scarecrow-macOS/Pods-scarecrow-macOS.debug.xcconfig"; sourceTree = "<group>"; };
		3E5DBD29D0E507E1DBFCDB3B /* Pods-scarecrow-macOS.release.xcconfig */ = {isa = PBXFileReference; includeInIndex = 1; lastKnownFileType = text.xcconfig; name = "Pods-scarecrow-macOS.release.xcconfig"; path = "Target Support Files/Pods-scarecrow-macOS/Pods-scarecrow-macOS.release.xcconfig"; sourceTree = "<group>"; };
		514201492437B4B30078DB4F /* scarecrow.app */ = {isa = PBXFileReference; explicitFileType = wrapper.application; includeInIndex = 0; path = scarecrow.app; sourceTree = BUILT_PRODUCTS_DIR; };
		5142014B2437B4B30078DB4F /* AppDelegate.h */ = {isa = PBXFileReference; lastKnownFileType = sourcecode.c.h; path = AppDelegate.h; sourceTree = "<group>"; };
		5142014C2437B4B30078DB4F /* AppDelegate.mm */ = {isa = PBXFileReference; lastKnownFileType = sourcecode.cpp.objcpp; path = AppDelegate.mm; sourceTree = "<group>"; };
		514201512437B4B40078DB4F /* Assets.xcassets */ = {isa = PBXFileReference; lastKnownFileType = folder.assetcatalog; path = Assets.xcassets; sourceTree = "<group>"; };
		514201542437B4B40078DB4F /* Base */ = {isa = PBXFileReference; lastKnownFileType = file.storyboard; name = Base; path = Base.lproj/Main.storyboard; sourceTree = "<group>"; };
		514201562437B4B40078DB4F /* Info.plist */ = {isa = PBXFileReference; lastKnownFileType = text.plist.xml; path = Info.plist; sourceTree = "<group>"; };
		514201572437B4B40078DB4F /* main.m */ = {isa = PBXFileReference; lastKnownFileType = sourcecode.c.objc; path = main.m; sourceTree = "<group>"; };
		514201592437B4B40078DB4F /* scarecrow.entitlements */ = {isa = PBXFileReference; lastKnownFileType = text.plist.entitlements; path = scarecrow.entitlements; sourceTree = "<group>"; };
		82DBFF4F4989BE7D4E09CC98 /* libPods-scarecrow-macOS.a */ = {isa = PBXFileReference; explicitFileType = archive.ar; includeInIndex = 0; path = "libPods-scarecrow-macOS.a"; sourceTree = BUILT_PRODUCTS_DIR; };
		ED297162215061F000B7C4FE /* JavaScriptCore.framework */ = {isa = PBXFileReference; lastKnownFileType = wrapper.framework; name = JavaScriptCore.framework; path = System/Library/Frameworks/JavaScriptCore.framework; sourceTree = SDKROOT; };
/* End PBXFileReference section */

/* Begin PBXFrameworksBuildPhase section */
		059792132AB47E6500348AB8 /* Frameworks */ = {
			isa = PBXFrameworksBuildPhase;
			buildActionMask = 2147483647;
			files = (
				059792182AB47E6500348AB8 /* NetworkExtension.framework in Frameworks */,
				05EE329F2AB5CAC000410158 /* libbsm.tbd in Frameworks */,
			);
			runOnlyForDeploymentPostprocessing = 0;
		};
		13B07F8C1A680F5B00A75B9A /* Frameworks */ = {
			isa = PBXFrameworksBuildPhase;
			buildActionMask = 2147483647;
			files = (
			);
			runOnlyForDeploymentPostprocessing = 0;
		};
		514201462437B4B30078DB4F /* Frameworks */ = {
			isa = PBXFrameworksBuildPhase;
			buildActionMask = 2147483647;
			files = (
				1364A44A6D4288254489D593 /* libPods-scarecrow-macOS.a in Frameworks */,
			);
			runOnlyForDeploymentPostprocessing = 0;
		};
/* End PBXFrameworksBuildPhase section */

/* Begin PBXGroup section */
		0539C9A62AD6BABF00B7E6A2 /* controllers */ = {
			isa = PBXGroup;
			children = (
				0539C9A92AD6BADB00B7E6A2 /* FlowController.h */,
				0539C9A72AD6BAD400B7E6A2 /* FlowController.m */,
				0539C9AA2AD6BB5A00B7E6A2 /* ProcessController.h */,
				0539C9AB2AD6BB6400B7E6A2 /* ProcessController.m */,
			);
			path = controllers;
			sourceTree = "<group>";
		};
		059791FD2AB47A8F00348AB8 /* scarecrow-communication */ = {
			isa = PBXGroup;
			children = (
				05C0D56F2ACD8A9D00A0846D /* holders */,
				059792042AB47AAF00348AB8 /* CommunicationProtocol.h */,
				059792012AB47AAF00348AB8 /* ExtensionCommunication.h */,
				059792032AB47AAF00348AB8 /* ExtensionCommunication.m */,
				059792002AB47AAF00348AB8 /* HostCommunication.h */,
				059792022AB47AAF00348AB8 /* HostCommunication.m */,
			);
			path = "scarecrow-communication";
			sourceTree = "<group>";
		};
		059792192AB47E6500348AB8 /* scarecrow-network */ = {
			isa = PBXGroup;
			children = (
				059791FE2AB47AAF00348AB8 /* ExtensionCommunicationDelegate.h */,
				059791FF2AB47AAF00348AB8 /* ExtensionCommunicationDelegate.m */,
				0597921A2AB47E6500348AB8 /* FilterDataProvider.h */,
				0597921B2AB47E6500348AB8 /* FilterDataProvider.m */,
				0597921D2AB47E6500348AB8 /* main.m */,
				0597921F2AB47E6500348AB8 /* Info.plist */,
				059792202AB47E6500348AB8 /* scarecrow_network.entitlements */,
				055CC6752AC6C91400DBFB48 /* Validator.h */,
				055CC6762AC6C91E00DBFB48 /* Validator.m */,
			);
			path = "scarecrow-network";
			sourceTree = "<group>";
		};
		05B70CDF2AC8877E00BE9F95 /* models */ = {
			isa = PBXGroup;
			children = (
				0539C9A32AD61FC000B7E6A2 /* Migrations.h */,
				0539C9A42AD61FCC00B7E6A2 /* Migrations.m */,
				05B70CE02AC8878C00BE9F95 /* FlowModel.m */,
				05B70CE22AC8879300BE9F95 /* FlowModel.h */,
				05C0D54F2ACB36BB00A0846D /* RuleModel.m */,
				05C0D5512ACB36C200A0846D /* RuleModel.h */,
				056402E72ACF305900D427EF /* ProcessModel.m */,
				056402E92ACF306400D427EF /* ProcessModel.h */,
			);
			path = models;
			sourceTree = "<group>";
		};
		05C0D56F2ACD8A9D00A0846D /* holders */ = {
			isa = PBXGroup;
			children = (
				05CBE5692AB6DFBF000F6BC1 /* FlowHolder.h */,
				05CBE56A2AB6DFCA000F6BC1 /* FlowHolder.m */,
				05C0D5722ACD99A300A0846D /* ProcessHolder.h */,
				05C0D5732ACD99AD00A0846D /* ProcessHolder.m */,
				0582000E2AD4311900AD82C0 /* ProcessHelpers.h */,
				0582000B2AD430DD00AD82C0 /* ProcessHelpers.m */,
			);
			path = holders;
			sourceTree = "<group>";
		};
		1517CA80ACE7A3CDC372A4E4 /* Pods */ = {
			isa = PBXGroup;
			children = (
				1DE051597B59487549C32721 /* Pods-scarecrow-macOS.debug.xcconfig */,
				3E5DBD29D0E507E1DBFCDB3B /* Pods-scarecrow-macOS.release.xcconfig */,
			);
			path = Pods;
			sourceTree = "<group>";
		};
		2D16E6871FA4F8E400B85C8A /* Frameworks */ = {
			isa = PBXGroup;
			children = (
				05EE329E2AB5CAB800410158 /* libbsm.tbd */,
				ED297162215061F000B7C4FE /* JavaScriptCore.framework */,
				82DBFF4F4989BE7D4E09CC98 /* libPods-scarecrow-macOS.a */,
				059792172AB47E6500348AB8 /* NetworkExtension.framework */,
			);
			name = Frameworks;
			sourceTree = "<group>";
		};
		5142014A2437B4B30078DB4F /* scarecrow-macOS */ = {
			isa = PBXGroup;
			children = (
				0539C9A62AD6BABF00B7E6A2 /* controllers */,
				05B70CDF2AC8877E00BE9F95 /* models */,
				059792082AB47AFB00348AB8 /* NetworkExtensionProvider.h */,
				059792092AB47AFB00348AB8 /* NetworkExtensionProvider.m */,
				059792282AB484DB00348AB8 /* RCTScarecrowNetwork.h */,
				059792292AB484FC00348AB8 /* RCTScarecrowNetwork.m */,
				059791CF2AB45F1E00348AB8 /* scarecrow-macOS.entitlements */,
				5142014B2437B4B30078DB4F /* AppDelegate.h */,
				5142014C2437B4B30078DB4F /* AppDelegate.mm */,
				514201512437B4B40078DB4F /* Assets.xcassets */,
				514201532437B4B40078DB4F /* Main.storyboard */,
				514201562437B4B40078DB4F /* Info.plist */,
				514201572437B4B40078DB4F /* main.m */,
				514201592437B4B40078DB4F /* scarecrow.entitlements */,
			);
			path = "scarecrow-macOS";
			sourceTree = "<group>";
		};
		832341AE1AAA6A7D00B99B32 /* Libraries */ = {
			isa = PBXGroup;
			children = (
			);
			name = Libraries;
			sourceTree = "<group>";
		};
		83CBB9F61A601CBA00E9B192 = {
			isa = PBXGroup;
			children = (
				059791FD2AB47A8F00348AB8 /* scarecrow-communication */,
				059791CE2AB45DED00348AB8 /* scarecrow-iOS.entitlements */,
				5142014A2437B4B30078DB4F /* scarecrow-macOS */,
				059792192AB47E6500348AB8 /* scarecrow-network */,
				83CBBA001A601CBA00E9B192 /* Products */,
				2D16E6871FA4F8E400B85C8A /* Frameworks */,
				1517CA80ACE7A3CDC372A4E4 /* Pods */,
				832341AE1AAA6A7D00B99B32 /* Libraries */,
			);
			indentWidth = 2;
			sourceTree = "<group>";
			tabWidth = 2;
			usesTabs = 0;
		};
		83CBBA001A601CBA00E9B192 /* Products */ = {
			isa = PBXGroup;
			children = (
				13B07F961A680F5B00A75B9A /* scarecrow.app */,
				514201492437B4B30078DB4F /* scarecrow.app */,
				059792162AB47E6500348AB8 /* com.azimgd.scarecrow.scarecrow-network.systemextension */,
			);
			name = Products;
			sourceTree = "<group>";
		};
/* End PBXGroup section */

/* Begin PBXNativeTarget section */
		059792152AB47E6500348AB8 /* scarecrow-network */ = {
			isa = PBXNativeTarget;
			buildConfigurationList = 059792252AB47E6500348AB8 /* Build configuration list for PBXNativeTarget "scarecrow-network" */;
			buildPhases = (
				059792122AB47E6500348AB8 /* Sources */,
				059792132AB47E6500348AB8 /* Frameworks */,
				059792142AB47E6500348AB8 /* Resources */,
			);
			buildRules = (
			);
			dependencies = (
			);
			name = "scarecrow-network";
			productName = "scarecrow-network";
			productReference = 059792162AB47E6500348AB8 /* com.azimgd.scarecrow.scarecrow-network.systemextension */;
			productType = "com.apple.product-type.system-extension";
		};
		13B07F861A680F5B00A75B9A /* scarecrow-iOS */ = {
			isa = PBXNativeTarget;
			buildConfigurationList = 13B07F931A680F5B00A75B9A /* Build configuration list for PBXNativeTarget "scarecrow-iOS" */;
			buildPhases = (
				FD10A7F022414F080027D42C /* Start Packager */,
				13B07F871A680F5B00A75B9A /* Sources */,
				13B07F8C1A680F5B00A75B9A /* Frameworks */,
				13B07F8E1A680F5B00A75B9A /* Resources */,
				00DD1BFF1BD5951E006B06BC /* Bundle React Native code and images */,
			);
			buildRules = (
			);
			dependencies = (
			);
			name = "scarecrow-iOS";
			productName = scarecrow;
			productReference = 13B07F961A680F5B00A75B9A /* scarecrow.app */;
			productType = "com.apple.product-type.application";
		};
		514201482437B4B30078DB4F /* scarecrow-macOS */ = {
			isa = PBXNativeTarget;
			buildConfigurationList = 5142015A2437B4B40078DB4F /* Build configuration list for PBXNativeTarget "scarecrow-macOS" */;
			buildPhases = (
				1A938104A937498D81B3BD3B /* [CP] Check Pods Manifest.lock */,
				381D8A6F24576A6C00465D17 /* Start Packager */,
				514201452437B4B30078DB4F /* Sources */,
				514201462437B4B30078DB4F /* Frameworks */,
				514201472437B4B30078DB4F /* Resources */,
				381D8A6E24576A4E00465D17 /* Bundle React Native code and images */,
				F9433B1BC3981B766E51F143 /* [CP] Copy Pods Resources */,
				059792232AB47E6500348AB8 /* Embed System Extensions */,
			);
			buildRules = (
			);
			dependencies = (
				059792222AB47E6500348AB8 /* PBXTargetDependency */,
			);
			name = "scarecrow-macOS";
			productName = scarecrow;
			productReference = 514201492437B4B30078DB4F /* scarecrow.app */;
			productType = "com.apple.product-type.application";
		};
/* End PBXNativeTarget section */

/* Begin PBXProject section */
		83CBB9F71A601CBA00E9B192 /* Project object */ = {
			isa = PBXProject;
			attributes = {
				LastUpgradeCheck = 1130;
				TargetAttributes = {
					059792152AB47E6500348AB8 = {
						CreatedOnToolsVersion = 14.3.1;
						DevelopmentTeam = B6BB88CAP5;
						ProvisioningStyle = Automatic;
					};
					13B07F861A680F5B00A75B9A = {
						DevelopmentTeam = B6BB88CAP5;
						LastSwiftMigration = 1120;
					};
					514201482437B4B30078DB4F = {
						CreatedOnToolsVersion = 11.4;
						DevelopmentTeam = B6BB88CAP5;
						ProvisioningStyle = Automatic;
					};
				};
			};
			buildConfigurationList = 83CBB9FA1A601CBA00E9B192 /* Build configuration list for PBXProject "scarecrow" */;
			compatibilityVersion = "Xcode 3.2";
			developmentRegion = en;
			hasScannedForEncodings = 0;
			knownRegions = (
				en,
				Base,
			);
			mainGroup = 83CBB9F61A601CBA00E9B192;
			productRefGroup = 83CBBA001A601CBA00E9B192 /* Products */;
			projectDirPath = "";
			projectRoot = "";
			targets = (
				13B07F861A680F5B00A75B9A /* scarecrow-iOS */,
				514201482437B4B30078DB4F /* scarecrow-macOS */,
				059792152AB47E6500348AB8 /* scarecrow-network */,
			);
		};
/* End PBXProject section */

/* Begin PBXResourcesBuildPhase section */
		059792142AB47E6500348AB8 /* Resources */ = {
			isa = PBXResourcesBuildPhase;
			buildActionMask = 2147483647;
			files = (
			);
			runOnlyForDeploymentPostprocessing = 0;
		};
		13B07F8E1A680F5B00A75B9A /* Resources */ = {
			isa = PBXResourcesBuildPhase;
			buildActionMask = 2147483647;
			files = (
			);
			runOnlyForDeploymentPostprocessing = 0;
		};
		514201472437B4B30078DB4F /* Resources */ = {
			isa = PBXResourcesBuildPhase;
			buildActionMask = 2147483647;
			files = (
				514201522437B4B40078DB4F /* Assets.xcassets in Resources */,
				514201552437B4B40078DB4F /* Main.storyboard in Resources */,
			);
			runOnlyForDeploymentPostprocessing = 0;
		};
/* End PBXResourcesBuildPhase section */

/* Begin PBXShellScriptBuildPhase section */
		00DD1BFF1BD5951E006B06BC /* Bundle React Native code and images */ = {
			isa = PBXShellScriptBuildPhase;
			buildActionMask = 2147483647;
			files = (
			);
			inputPaths = (
			);
			name = "Bundle React Native code and images";
			outputPaths = (
			);
			runOnlyForDeploymentPostprocessing = 0;
			shellPath = /bin/sh;
			shellScript = "export NODE_BINARY=node\n../node_modules/react-native-macos/scripts/react-native-xcode.sh\n";
		};
		1A938104A937498D81B3BD3B /* [CP] Check Pods Manifest.lock */ = {
			isa = PBXShellScriptBuildPhase;
			buildActionMask = 2147483647;
			files = (
			);
			inputFileListPaths = (
			);
			inputPaths = (
				"${PODS_PODFILE_DIR_PATH}/Podfile.lock",
				"${PODS_ROOT}/Manifest.lock",
			);
			name = "[CP] Check Pods Manifest.lock";
			outputFileListPaths = (
			);
			outputPaths = (
				"$(DERIVED_FILE_DIR)/Pods-scarecrow-macOS-checkManifestLockResult.txt",
			);
			runOnlyForDeploymentPostprocessing = 0;
			shellPath = /bin/sh;
			shellScript = "diff \"${PODS_PODFILE_DIR_PATH}/Podfile.lock\" \"${PODS_ROOT}/Manifest.lock\" > /dev/null\nif [ $? != 0 ] ; then\n    # print error to STDERR\n    echo \"error: The sandbox is not in sync with the Podfile.lock. Run 'pod install' or update your CocoaPods installation.\" >&2\n    exit 1\nfi\n# This output is used by Xcode 'outputs' to avoid re-running this script phase.\necho \"SUCCESS\" > \"${SCRIPT_OUTPUT_FILE_0}\"\n";
			showEnvVarsInLog = 0;
		};
		381D8A6E24576A4E00465D17 /* Bundle React Native code and images */ = {
			isa = PBXShellScriptBuildPhase;
			buildActionMask = 2147483647;
			files = (
			);
			inputFileListPaths = (
			);
			inputPaths = (
			);
			name = "Bundle React Native code and images";
			outputFileListPaths = (
			);
			outputPaths = (
			);
			runOnlyForDeploymentPostprocessing = 0;
			shellPath = /bin/sh;
			shellScript = "export NODE_BINARY=node\n../node_modules/react-native-macos/scripts/react-native-xcode.sh\n";
		};
		381D8A6F24576A6C00465D17 /* Start Packager */ = {
			isa = PBXShellScriptBuildPhase;
			buildActionMask = 2147483647;
			files = (
			);
			inputFileListPaths = (
			);
			inputPaths = (
			);
			name = "Start Packager";
			outputFileListPaths = (
			);
			outputPaths = (
			);
			runOnlyForDeploymentPostprocessing = 0;
			shellPath = /bin/sh;
			shellScript = "export RCT_METRO_PORT=\"${RCT_METRO_PORT:=8081}\"\necho \"export RCT_METRO_PORT=${RCT_METRO_PORT}\" > \"${SRCROOT}/../node_modules/react-native-macos/scripts/.packager.env\"\nif [ -z \"${RCT_NO_LAUNCH_PACKAGER+xxx}\" ] ; then\n  if nc -w 5 -z localhost ${RCT_METRO_PORT} ; then\n    if ! curl -s \"http://localhost:${RCT_METRO_PORT}/status\" | grep -q \"packager-status:running\" ; then\n      echo \"Port ${RCT_METRO_PORT} already in use, packager is either not running or not running correctly\"\n      exit 2\n    fi\n  else\n    open \"$SRCROOT/../node_modules/react-native-macos/scripts/launchPackager.command\" || echo \"Can't start packager automatically\"\n  fi\nfi\n";
		};
		F9433B1BC3981B766E51F143 /* [CP] Copy Pods Resources */ = {
			isa = PBXShellScriptBuildPhase;
			buildActionMask = 2147483647;
			files = (
			);
			inputPaths = (
				"${PODS_ROOT}/Target Support Files/Pods-scarecrow-macOS/Pods-scarecrow-macOS-resources.sh",
				"${PODS_CONFIGURATION_BUILD_DIR}/React-Core/AccessibilityResources.bundle",
			);
			name = "[CP] Copy Pods Resources";
			outputPaths = (
				"${TARGET_BUILD_DIR}/${UNLOCALIZED_RESOURCES_FOLDER_PATH}/AccessibilityResources.bundle",
			);
			runOnlyForDeploymentPostprocessing = 0;
			shellPath = /bin/sh;
			shellScript = "\"${PODS_ROOT}/Target Support Files/Pods-scarecrow-macOS/Pods-scarecrow-macOS-resources.sh\"\n";
			showEnvVarsInLog = 0;
		};
		FD10A7F022414F080027D42C /* Start Packager */ = {
			isa = PBXShellScriptBuildPhase;
			buildActionMask = 2147483647;
			files = (
			);
			inputFileListPaths = (
			);
			inputPaths = (
			);
			name = "Start Packager";
			outputFileListPaths = (
			);
			outputPaths = (
			);
			runOnlyForDeploymentPostprocessing = 0;
			shellPath = /bin/sh;
			shellScript = "export RCT_METRO_PORT=\"${RCT_METRO_PORT:=8081}\"\necho \"export RCT_METRO_PORT=${RCT_METRO_PORT}\" > \"${SRCROOT}/../node_modules/react-native-macos/scripts/.packager.env\"\nif [ -z \"${RCT_NO_LAUNCH_PACKAGER+xxx}\" ] ; then\n  if nc -w 5 -z localhost ${RCT_METRO_PORT} ; then\n    if ! curl -s \"http://localhost:${RCT_METRO_PORT}/status\" | grep -q \"packager-status:running\" ; then\n      echo \"Port ${RCT_METRO_PORT} already in use, packager is either not running or not running correctly\"\n      exit 2\n    fi\n  else\n    open \"$SRCROOT/../node_modules/react-native-macos/scripts/launchPackager.command\" || echo \"Can't start packager automatically\"\n  fi\nfi\n";
			showEnvVarsInLog = 0;
		};
/* End PBXShellScriptBuildPhase section */

/* Begin PBXSourcesBuildPhase section */
		059792122AB47E6500348AB8 /* Sources */ = {
			isa = PBXSourcesBuildPhase;
			buildActionMask = 2147483647;
			files = (
				05CBE56B2AB6DFCA000F6BC1 /* FlowHolder.m in Sources */,
				055CC6772AC6C91E00DBFB48 /* Validator.m in Sources */,
				059792372AB487F300348AB8 /* ExtensionCommunication.h in Sources */,
				059792382AB487F300348AB8 /* ExtensionCommunicationDelegate.h in Sources */,
				0597923B2AB4882400348AB8 /* HostCommunication.m in Sources */,
				0597923A2AB4881D00348AB8 /* ExtensionCommunicationDelegate.m in Sources */,
				0597921E2AB47E6500348AB8 /* main.m in Sources */,
				05C0D5742ACD99B400A0846D /* ProcessHolder.m in Sources */,
				059792392AB4881700348AB8 /* ExtensionCommunication.m in Sources */,
				0597921C2AB47E6500348AB8 /* FilterDataProvider.m in Sources */,
				0582000D2AD430FE00AD82C0 /* ProcessHelpers.m in Sources */,
			);
			runOnlyForDeploymentPostprocessing = 0;
		};
		13B07F871A680F5B00A75B9A /* Sources */ = {
			isa = PBXSourcesBuildPhase;
			buildActionMask = 2147483647;
			files = (
				059792062AB47AAF00348AB8 /* HostCommunication.m in Sources */,
				059792072AB47AAF00348AB8 /* ExtensionCommunication.m in Sources */,
			);
			runOnlyForDeploymentPostprocessing = 0;
		};
		514201452437B4B30078DB4F /* Sources */ = {
			isa = PBXSourcesBuildPhase;
			buildActionMask = 2147483647;
			files = (
				0597922A2AB484FC00348AB8 /* RCTScarecrowNetwork.m in Sources */,
				056402E82ACF305900D427EF /* ProcessModel.m in Sources */,
				0597920B2AB47B3900348AB8 /* CommunicationProtocol.h in Sources */,
				0597920C2AB47B3900348AB8 /* ExtensionCommunication.h in Sources */,
				0597920D2AB47B3900348AB8 /* ExtensionCommunication.m in Sources */,
				05B70CE12AC8878C00BE9F95 /* FlowModel.m in Sources */,
				0539C9AC2AD6BB6400B7E6A2 /* ProcessController.m in Sources */,
				05C0D5502ACB36BB00A0846D /* RuleModel.m in Sources */,
				0539C9A82AD6BAD400B7E6A2 /* FlowController.m in Sources */,
				053805BA2AD4349B00647BF8 /* ProcessHelpers.m in Sources */,
				059792102AB47B3900348AB8 /* HostCommunication.h in Sources */,
				059792112AB47B3900348AB8 /* HostCommunication.m in Sources */,
				514201582437B4B40078DB4F /* main.m in Sources */,
				0539C9A52AD61FCC00B7E6A2 /* Migrations.m in Sources */,
				0597920A2AB47AFB00348AB8 /* NetworkExtensionProvider.m in Sources */,
				5142014D2437B4B30078DB4F /* AppDelegate.mm in Sources */,
			);
			runOnlyForDeploymentPostprocessing = 0;
		};
/* End PBXSourcesBuildPhase section */

/* Begin PBXTargetDependency section */
		059792222AB47E6500348AB8 /* PBXTargetDependency */ = {
			isa = PBXTargetDependency;
			target = 059792152AB47E6500348AB8 /* scarecrow-network */;
			targetProxy = 059792212AB47E6500348AB8 /* PBXContainerItemProxy */;
		};
/* End PBXTargetDependency section */

/* Begin PBXVariantGroup section */
		514201532437B4B40078DB4F /* Main.storyboard */ = {
			isa = PBXVariantGroup;
			children = (
				514201542437B4B40078DB4F /* Base */,
			);
			name = Main.storyboard;
			sourceTree = "<group>";
		};
/* End PBXVariantGroup section */

/* Begin XCBuildConfiguration section */
		059792262AB47E6500348AB8 /* Debug */ = {
			isa = XCBuildConfiguration;
			buildSettings = {
				CLANG_ANALYZER_NONNULL = YES;
				CLANG_ANALYZER_NUMBER_OBJECT_CONVERSION = YES_AGGRESSIVE;
				CLANG_CXX_LANGUAGE_STANDARD = "gnu++20";
				CLANG_ENABLE_OBJC_WEAK = YES;
				CLANG_WARN_DOCUMENTATION_COMMENTS = YES;
				CLANG_WARN_QUOTED_INCLUDE_IN_FRAMEWORK_HEADER = YES;
				CLANG_WARN_UNGUARDED_AVAILABILITY = YES_AGGRESSIVE;
				CODE_SIGN_ENTITLEMENTS = "scarecrow-network/scarecrow_network.entitlements";
				CODE_SIGN_STYLE = Automatic;
				CURRENT_PROJECT_VERSION = 1;
				DEBUG_INFORMATION_FORMAT = dwarf;
				DEPLOYMENT_LOCATION = YES;
				DEVELOPMENT_TEAM = B6BB88CAP5;
				ENABLE_HARDENED_RUNTIME = YES;
				GCC_C_LANGUAGE_STANDARD = gnu11;
				GENERATE_INFOPLIST_FILE = YES;
				INFOPLIST_FILE = "scarecrow-network/Info.plist";
				INFOPLIST_KEY_CFBundleDisplayName = "scarecrow-network";
				INFOPLIST_KEY_NSHumanReadableCopyright = "";
				LD_RUNPATH_SEARCH_PATHS = "$(inherited) @executable_path/../Frameworks @executable_path/../../../../Frameworks";
				MACOSX_DEPLOYMENT_TARGET = 13.3;
				MARKETING_VERSION = 1.0;
				MTL_ENABLE_DEBUG_INFO = INCLUDE_SOURCE;
				MTL_FAST_MATH = YES;
				PRODUCT_BUNDLE_IDENTIFIER = "com.azimgd.scarecrow.scarecrow-network";
				PRODUCT_NAME = "$(inherited)";
				SDKROOT = macosx;
				SKIP_INSTALL = YES;
				SWIFT_EMIT_LOC_STRINGS = YES;
			};
			name = Debug;
		};
		059792272AB47E6500348AB8 /* Release */ = {
			isa = XCBuildConfiguration;
			buildSettings = {
				CLANG_ANALYZER_NONNULL = YES;
				CLANG_ANALYZER_NUMBER_OBJECT_CONVERSION = YES_AGGRESSIVE;
				CLANG_CXX_LANGUAGE_STANDARD = "gnu++20";
				CLANG_ENABLE_OBJC_WEAK = YES;
				CLANG_WARN_DOCUMENTATION_COMMENTS = YES;
				CLANG_WARN_QUOTED_INCLUDE_IN_FRAMEWORK_HEADER = YES;
				CLANG_WARN_UNGUARDED_AVAILABILITY = YES_AGGRESSIVE;
				CODE_SIGN_ENTITLEMENTS = "scarecrow-network/scarecrow_network.entitlements";
				CODE_SIGN_STYLE = Automatic;
				COPY_PHASE_STRIP = NO;
				CURRENT_PROJECT_VERSION = 1;
				DEBUG_INFORMATION_FORMAT = "dwarf-with-dsym";
				DEPLOYMENT_LOCATION = YES;
				DEVELOPMENT_TEAM = B6BB88CAP5;
				ENABLE_HARDENED_RUNTIME = YES;
				GCC_C_LANGUAGE_STANDARD = gnu11;
				GENERATE_INFOPLIST_FILE = YES;
				INFOPLIST_FILE = "scarecrow-network/Info.plist";
				INFOPLIST_KEY_CFBundleDisplayName = "scarecrow-network";
				INFOPLIST_KEY_NSHumanReadableCopyright = "";
				LD_RUNPATH_SEARCH_PATHS = "$(inherited) @executable_path/../Frameworks @executable_path/../../../../Frameworks";
				MACOSX_DEPLOYMENT_TARGET = 13.3;
				MARKETING_VERSION = 1.0;
				MTL_FAST_MATH = YES;
				PRODUCT_BUNDLE_IDENTIFIER = "com.azimgd.scarecrow.scarecrow-network";
				PRODUCT_NAME = "$(inherited)";
				SDKROOT = macosx;
				SKIP_INSTALL = YES;
				SWIFT_EMIT_LOC_STRINGS = YES;
			};
			name = Release;
		};
		13B07F941A680F5B00A75B9A /* Debug */ = {
			isa = XCBuildConfiguration;
			buildSettings = {
				ASSETCATALOG_COMPILER_APPICON_NAME = AppIcon;
				CLANG_ENABLE_MODULES = YES;
				CODE_SIGN_ENTITLEMENTS = "scarecrow-iOS.entitlements";
				CURRENT_PROJECT_VERSION = 1;
				DEPLOYMENT_LOCATION = YES;
				DEVELOPMENT_TEAM = B6BB88CAP5;
				DSTROOT = /;
				ENABLE_BITCODE = NO;
				INFOPLIST_FILE = "scarecrow-iOS/Info.plist";
				LD_RUNPATH_SEARCH_PATHS = "$(inherited) @executable_path/Frameworks";
				OTHER_LDFLAGS = (
					"$(inherited)",
					"-ObjC",
					"-lc++",
				);
				PRODUCT_BUNDLE_IDENTIFIER = com.azimgd.scarecrow;
				PRODUCT_NAME = scarecrow;
				SWIFT_OPTIMIZATION_LEVEL = "-Onone";
				SWIFT_VERSION = 5.0;
				VERSIONING_SYSTEM = "apple-generic";
			};
			name = Debug;
		};
		13B07F951A680F5B00A75B9A /* Release */ = {
			isa = XCBuildConfiguration;
			buildSettings = {
				ASSETCATALOG_COMPILER_APPICON_NAME = AppIcon;
				CLANG_ENABLE_MODULES = YES;
				CODE_SIGN_ENTITLEMENTS = "scarecrow-iOS.entitlements";
				CURRENT_PROJECT_VERSION = 1;
				DEPLOYMENT_LOCATION = YES;
				DEVELOPMENT_TEAM = B6BB88CAP5;
				DSTROOT = /;
				INFOPLIST_FILE = "scarecrow-iOS/Info.plist";
				LD_RUNPATH_SEARCH_PATHS = "$(inherited) @executable_path/Frameworks";
				OTHER_LDFLAGS = (
					"$(inherited)",
					"-ObjC",
					"-lc++",
				);
				PRODUCT_BUNDLE_IDENTIFIER = com.azimgd.scarecrow;
				PRODUCT_NAME = scarecrow;
				SWIFT_VERSION = 5.0;
				VERSIONING_SYSTEM = "apple-generic";
			};
			name = Release;
		};
		5142015B2437B4B40078DB4F /* Debug */ = {
			isa = XCBuildConfiguration;
			baseConfigurationReference = 1DE051597B59487549C32721 /* Pods-scarecrow-macOS.debug.xcconfig */;
			buildSettings = {
				ASSETCATALOG_COMPILER_APPICON_NAME = AppIcon;
				CODE_SIGN_ENTITLEMENTS = "scarecrow-macOS/scarecrow-macOS.entitlements";
				CURRENT_PROJECT_VERSION = 1;
				DEAD_CODE_STRIPPING = NO;
				DEPLOYMENT_LOCATION = YES;
				DEVELOPMENT_TEAM = B6BB88CAP5;
				DSTROOT = /;
				INFOPLIST_FILE = "scarecrow-macos/Info.plist";
				LD_RUNPATH_SEARCH_PATHS = "$(inherited) @executable_path/Frameworks";
				MACOSX_DEPLOYMENT_TARGET = 10.15;
				OTHER_LDFLAGS = (
					"$(inherited)",
					"-ObjC",
					"-lc++",
				);
				PRODUCT_BUNDLE_IDENTIFIER = com.azimgd.scarecrow;
				PRODUCT_NAME = scarecrow;
				SDKROOT = macosx;
			};
			name = Debug;
		};
		5142015C2437B4B40078DB4F /* Release */ = {
			isa = XCBuildConfiguration;
			baseConfigurationReference = 3E5DBD29D0E507E1DBFCDB3B /* Pods-scarecrow-macOS.release.xcconfig */;
			buildSettings = {
				ASSETCATALOG_COMPILER_APPICON_NAME = AppIcon;
				CODE_SIGN_ENTITLEMENTS = "scarecrow-macOS/scarecrow-macOS.entitlements";
				CURRENT_PROJECT_VERSION = 1;
				DEPLOYMENT_LOCATION = YES;
				DEVELOPMENT_TEAM = B6BB88CAP5;
				DSTROOT = /;
				INFOPLIST_FILE = "scarecrow-macos/Info.plist";
				LD_RUNPATH_SEARCH_PATHS = "$(inherited) @executable_path/Frameworks";
				MACOSX_DEPLOYMENT_TARGET = 10.15;
				OTHER_LDFLAGS = (
					"$(inherited)",
					"-ObjC",
					"-lc++",
				);
				PRODUCT_BUNDLE_IDENTIFIER = com.azimgd.scarecrow;
				PRODUCT_NAME = scarecrow;
				SDKROOT = macosx;
			};
			name = Release;
		};
		83CBBA201A601CBA00E9B192 /* Debug */ = {
			isa = XCBuildConfiguration;
			buildSettings = {
				ALWAYS_SEARCH_USER_PATHS = NO;
				CLANG_ANALYZER_LOCALIZABILITY_NONLOCALIZED = YES;
				CLANG_CXX_LANGUAGE_STANDARD = "c++17";
				CLANG_CXX_LIBRARY = "libc++";
				CLANG_ENABLE_MODULES = YES;
				CLANG_ENABLE_OBJC_ARC = YES;
				CLANG_WARN_BLOCK_CAPTURE_AUTORELEASING = YES;
				CLANG_WARN_BOOL_CONVERSION = YES;
				CLANG_WARN_COMMA = YES;
				CLANG_WARN_CONSTANT_CONVERSION = YES;
				CLANG_WARN_DEPRECATED_OBJC_IMPLEMENTATIONS = YES;
				CLANG_WARN_DIRECT_OBJC_ISA_USAGE = YES_ERROR;
				CLANG_WARN_EMPTY_BODY = YES;
				CLANG_WARN_ENUM_CONVERSION = YES;
				CLANG_WARN_INFINITE_RECURSION = YES;
				CLANG_WARN_INT_CONVERSION = YES;
				CLANG_WARN_NON_LITERAL_NULL_CONVERSION = YES;
				CLANG_WARN_OBJC_IMPLICIT_RETAIN_SELF = YES;
				CLANG_WARN_OBJC_LITERAL_CONVERSION = YES;
				CLANG_WARN_OBJC_ROOT_CLASS = YES_ERROR;
				CLANG_WARN_RANGE_LOOP_ANALYSIS = YES;
				CLANG_WARN_STRICT_PROTOTYPES = YES;
				CLANG_WARN_SUSPICIOUS_MOVE = YES;
				CLANG_WARN_UNREACHABLE_CODE = YES;
				CLANG_WARN__DUPLICATE_METHOD_MATCH = YES;
				"CODE_SIGN_IDENTITY[sdk=iphoneos*]" = "iPhone Developer";
				COPY_PHASE_STRIP = NO;
				ENABLE_STRICT_OBJC_MSGSEND = YES;
				ENABLE_TESTABILITY = YES;
				"EXCLUDED_ARCHS[sdk=iphonesimulator*]" = "";
				GCC_C_LANGUAGE_STANDARD = gnu99;
				GCC_DYNAMIC_NO_PIC = NO;
				GCC_NO_COMMON_BLOCKS = YES;
				GCC_OPTIMIZATION_LEVEL = 0;
				GCC_PREPROCESSOR_DEFINITIONS = (
					"DEBUG=1",
					"$(inherited)",
				);
				GCC_SYMBOLS_PRIVATE_EXTERN = NO;
				GCC_WARN_64_TO_32_BIT_CONVERSION = YES;
				GCC_WARN_ABOUT_RETURN_TYPE = YES_ERROR;
				GCC_WARN_UNDECLARED_SELECTOR = YES;
				GCC_WARN_UNINITIALIZED_AUTOS = YES_AGGRESSIVE;
				GCC_WARN_UNUSED_FUNCTION = YES;
				GCC_WARN_UNUSED_VARIABLE = YES;
				IPHONEOS_DEPLOYMENT_TARGET = 9.0;
				LD_RUNPATH_SEARCH_PATHS = "/usr/lib/swift $(inherited)";
				LIBRARY_SEARCH_PATHS = (
					"$(SDKROOT)/usr/lib/swift",
					"\"$(TOOLCHAIN_DIR)/usr/lib/swift/$(PLATFORM_NAME)\"",
					"\"$(inherited)\"",
				);
				MTL_ENABLE_DEBUG_INFO = YES;
				ONLY_ACTIVE_ARCH = YES;
				OTHER_CFLAGS = "$(inherited)";
				OTHER_CPLUSPLUSFLAGS = "$(inherited)";
				REACT_NATIVE_PATH = "${PODS_ROOT}/../../node_modules/react-native";
				SDKROOT = iphoneos;
			};
			name = Debug;
		};
		83CBBA211A601CBA00E9B192 /* Release */ = {
			isa = XCBuildConfiguration;
			buildSettings = {
				ALWAYS_SEARCH_USER_PATHS = NO;
				CLANG_ANALYZER_LOCALIZABILITY_NONLOCALIZED = YES;
				CLANG_CXX_LANGUAGE_STANDARD = "c++17";
				CLANG_CXX_LIBRARY = "libc++";
				CLANG_ENABLE_MODULES = YES;
				CLANG_ENABLE_OBJC_ARC = YES;
				CLANG_WARN_BLOCK_CAPTURE_AUTORELEASING = YES;
				CLANG_WARN_BOOL_CONVERSION = YES;
				CLANG_WARN_COMMA = YES;
				CLANG_WARN_CONSTANT_CONVERSION = YES;
				CLANG_WARN_DEPRECATED_OBJC_IMPLEMENTATIONS = YES;
				CLANG_WARN_DIRECT_OBJC_ISA_USAGE = YES_ERROR;
				CLANG_WARN_EMPTY_BODY = YES;
				CLANG_WARN_ENUM_CONVERSION = YES;
				CLANG_WARN_INFINITE_RECURSION = YES;
				CLANG_WARN_INT_CONVERSION = YES;
				CLANG_WARN_NON_LITERAL_NULL_CONVERSION = YES;
				CLANG_WARN_OBJC_IMPLICIT_RETAIN_SELF = YES;
				CLANG_WARN_OBJC_LITERAL_CONVERSION = YES;
				CLANG_WARN_OBJC_ROOT_CLASS = YES_ERROR;
				CLANG_WARN_RANGE_LOOP_ANALYSIS = YES;
				CLANG_WARN_STRICT_PROTOTYPES = YES;
				CLANG_WARN_SUSPICIOUS_MOVE = YES;
				CLANG_WARN_UNREACHABLE_CODE = YES;
				CLANG_WARN__DUPLICATE_METHOD_MATCH = YES;
				"CODE_SIGN_IDENTITY[sdk=iphoneos*]" = "iPhone Developer";
				COPY_PHASE_STRIP = YES;
				ENABLE_NS_ASSERTIONS = NO;
				ENABLE_STRICT_OBJC_MSGSEND = YES;
				"EXCLUDED_ARCHS[sdk=iphonesimulator*]" = "";
				GCC_C_LANGUAGE_STANDARD = gnu99;
				GCC_NO_COMMON_BLOCKS = YES;
				GCC_WARN_64_TO_32_BIT_CONVERSION = YES;
				GCC_WARN_ABOUT_RETURN_TYPE = YES_ERROR;
				GCC_WARN_UNDECLARED_SELECTOR = YES;
				GCC_WARN_UNINITIALIZED_AUTOS = YES_AGGRESSIVE;
				GCC_WARN_UNUSED_FUNCTION = YES;
				GCC_WARN_UNUSED_VARIABLE = YES;
				IPHONEOS_DEPLOYMENT_TARGET = 9.0;
				LD_RUNPATH_SEARCH_PATHS = "/usr/lib/swift $(inherited)";
				LIBRARY_SEARCH_PATHS = (
					"$(SDKROOT)/usr/lib/swift",
					"\"$(TOOLCHAIN_DIR)/usr/lib/swift/$(PLATFORM_NAME)\"",
					"\"$(inherited)\"",
				);
				MTL_ENABLE_DEBUG_INFO = NO;
				OTHER_CFLAGS = "$(inherited)";
				OTHER_CPLUSPLUSFLAGS = "$(inherited)";
				REACT_NATIVE_PATH = "${PODS_ROOT}/../../node_modules/react-native";
				SDKROOT = iphoneos;
				VALIDATE_PRODUCT = YES;
			};
			name = Release;
		};
/* End XCBuildConfiguration section */

/* Begin XCConfigurationList section */
		059792252AB47E6500348AB8 /* Build configuration list for PBXNativeTarget "scarecrow-network" */ = {
			isa = XCConfigurationList;
			buildConfigurations = (
				059792262AB47E6500348AB8 /* Debug */,
				059792272AB47E6500348AB8 /* Release */,
			);
			defaultConfigurationIsVisible = 0;
			defaultConfigurationName = Release;
		};
		13B07F931A680F5B00A75B9A /* Build configuration list for PBXNativeTarget "scarecrow-iOS" */ = {
			isa = XCConfigurationList;
			buildConfigurations = (
				13B07F941A680F5B00A75B9A /* Debug */,
				13B07F951A680F5B00A75B9A /* Release */,
			);
			defaultConfigurationIsVisible = 0;
			defaultConfigurationName = Release;
		};
		5142015A2437B4B40078DB4F /* Build configuration list for PBXNativeTarget "scarecrow-macOS" */ = {
			isa = XCConfigurationList;
			buildConfigurations = (
				5142015B2437B4B40078DB4F /* Debug */,
				5142015C2437B4B40078DB4F /* Release */,
			);
			defaultConfigurationIsVisible = 0;
			defaultConfigurationName = Release;
		};
		83CBB9FA1A601CBA00E9B192 /* Build configuration list for PBXProject "scarecrow" */ = {
			isa = XCConfigurationList;
			buildConfigurations = (
				83CBBA201A601CBA00E9B192 /* Debug */,
				83CBBA211A601CBA00E9B192 /* Release */,
			);
			defaultConfigurationIsVisible = 0;
			defaultConfigurationName = Release;
		};
/* End XCConfigurationList section */
	};
	rootObject = 83CBB9F71A601CBA00E9B192 /* Project object */;
}
